
Microsoft Visual Studio Solution File, Format Version 12.00
# Visual Studio Version 16
VisualStudioVersion = 16.0.31112.23
MinimumVisualStudioVersion = 10.0.40219.1
Project("{FAE04EC0-301F-11D3-BF4B-00C04F79EFBC}") = "RestWithASPNET5Udemy", "RestWithASPNET5Udemy\RestWithASPNET5Udemy.csproj", "{26AA8776-A701-4B18-A6FB-97ADE4046C87}"
EndProject
Global
	GlobalSection(SolutionConfigurationPlatforms) = preSolution
		Debug|Any CPU = Debug|Any CPU
		Release|Any CPU = Release|Any CPU
	EndGlobalSection
	GlobalSection(ProjectConfigurationPlatforms) = postSolution
		{26AA8776-A701-4B18-A6FB-97ADE4046C87}.Debug|Any CPU.ActiveCfg = Debug|Any CPU
		{26AA8776-A701-4B18-A6FB-97ADE4046C87}.Debug|Any CPU.Build.0 = Debug|Any CPU
		{26AA8776-A701-4B18-A6FB-97ADE4046C87}.Release|Any CPU.ActiveCfg = Release|Any CPU
		{26AA8776-A701-4B18-A6FB-97ADE4046C87}.Release|Any CPU.Build.0 = Release|Any CPU
	EndGlobalSection
	GlobalSection(SolutionProperties) = preSolution
		HideSolutionNode = FALSE
	EndGlobalSection
	GlobalSection(ExtensibilityGlobals) = postSolution
		SolutionGuid = {B0E1B99A-8AED-49C7-B954-F2C6F474D9B5}
	EndGlobalSection
EndGlobal
